
Microsoft Visual Studio Solution File, Format Version 12.00
# Visual Studio Version 16
VisualStudioVersion = 16.0.29926.136
MinimumVisualStudioVersion = 10.0.40219.1
Project("{9A19103F-16F7-4668-BE54-9A1E7A4F7556}") = "MidiVelocityMapper.Lib", "MidiVelocityMapper.Lib\MidiVelocityMapper.Lib.csproj", "{0E7F0C41-3C18-4187-A42F-8E330B16922E}"
EndProject
Project("{9A19103F-16F7-4668-BE54-9A1E7A4F7556}") = "MidiVelocityMapper.DesktopApp", "MidiVelocityMapper.DesktopApp\MidiVelocityMapper.DesktopApp.csproj", "{B2D144FD-6A6F-4F77-8408-49992F64BE67}"
EndProject
Global
	GlobalSection(SolutionConfigurationPlatforms) = preSolution
		Debug|Any CPU = Debug|Any CPU
		Release|Any CPU = Release|Any CPU
	EndGlobalSection
	GlobalSection(ProjectConfigurationPlatforms) = postSolution
		{0E7F0C41-3C18-4187-A42F-8E330B16922E}.Debug|Any CPU.ActiveCfg = Debug|Any CPU
		{0E7F0C41-3C18-4187-A42F-8E330B16922E}.Debug|Any CPU.Build.0 = Debug|Any CPU
		{0E7F0C41-3C18-4187-A42F-8E330B16922E}.Release|Any CPU.ActiveCfg = Release|Any CPU
		{0E7F0C41-3C18-4187-A42F-8E330B16922E}.Release|Any CPU.Build.0 = Release|Any CPU
		{B2D144FD-6A6F-4F77-8408-49992F64BE67}.Debug|Any CPU.ActiveCfg = Debug|Any CPU
		{B2D144FD-6A6F-4F77-8408-49992F64BE67}.Debug|Any CPU.Build.0 = Debug|Any CPU
		{B2D144FD-6A6F-4F77-8408-49992F64BE67}.Release|Any CPU.ActiveCfg = Release|Any CPU
		{B2D144FD-6A6F-4F77-8408-49992F64BE67}.Release|Any CPU.Build.0 = Release|Any CPU
	EndGlobalSection
	GlobalSection(SolutionProperties) = preSolution
		HideSolutionNode = FALSE
	EndGlobalSection
	GlobalSection(ExtensibilityGlobals) = postSolution
		SolutionGuid = {17B94457-3153-47FA-A6C0-8E0C3B775575}
	EndGlobalSection
EndGlobal
